
Microsoft Visual Studio Solution File, Format Version 12.00
# Visual Studio Version 17
VisualStudioVersion = 17.9.34714.143
MinimumVisualStudioVersion = 10.0.40219.1
Project("{FAE04EC0-301F-11D3-BF4B-00C04F79EFBC}") = "BlackJack_v1", "BlackJack_v1.csproj", "{B7503D32-0E42-4CB7-ABE1-9C7ADE40E40B}"
EndProject
Global
	GlobalSection(SolutionConfigurationPlatforms) = preSolution
		Debug|Any CPU = Debug|Any CPU
		Release|Any CPU = Release|Any CPU
	EndGlobalSection
	GlobalSection(ProjectConfigurationPlatforms) = postSolution
		{B7503D32-0E42-4CB7-ABE1-9C7ADE40E40B}.Debug|Any CPU.ActiveCfg = Debug|Any CPU
		{B7503D32-0E42-4CB7-ABE1-9C7ADE40E40B}.Debug|Any CPU.Build.0 = Debug|Any CPU
		{B7503D32-0E42-4CB7-ABE1-9C7ADE40E40B}.Release|Any CPU.ActiveCfg = Release|Any CPU
		{B7503D32-0E42-4CB7-ABE1-9C7ADE40E40B}.Release|Any CPU.Build.0 = Release|Any CPU
	EndGlobalSection
	GlobalSection(SolutionProperties) = preSolution
		HideSolutionNode = FALSE
	EndGlobalSection
	GlobalSection(ExtensibilityGlobals) = postSolution
		SolutionGuid = {952B784F-7ED8-42BF-A46A-0062ACBD2B0F}
	EndGlobalSection
EndGlobal
